PODS:
  - Alamofire (4.5.1)
  - ReadMoreTextView (2.0.0)
  - SwiftMessages (4.1.0)
  - SwiftProgressHUD (0.0.5)

DEPENDENCIES:
  - Alamofire (~> 4.5)
  - ReadMoreTextView
  - SwiftMessages
  - SwiftProgressHUD

SPEC CHECKSUMS:
  Alamofire: 2d95912bf4c34f164fdfc335872e8c312acaea4a
  ReadMoreTextView: aefb9ffe11922c87fd39a09a988d7cc74c8438ba
  SwiftMessages: 1bacc783c8f10bdfdc57c14860cae8a1f1fa6591
  SwiftProgressHUD: 74856c5d9538bad076d449c2a2c72af51e62ab84

PODFILE CHECKSUM: f8d26d069bbe23ab0e4a3786fe8e5748836300cc

COCOAPODS: 1.4.0
