// !$*UTF8*$!
{
	archiveVersion = 1;
	classes = {
	};
	objectVersion = 48;
	objects = {

/* Begin PBXBuildFile section */
		37D385D420322A2E00BE9309 /* AppDelegate.swift in Sources */ = {isa = PBXBuildFile; fileRef = 37D385D320322A2E00BE9309 /* AppDelegate.swift */; };
		37D385D620322A2E00BE9309 /* ViewController.swift in Sources */ = {isa = PBXBuildFile; fileRef = 37D385D520322A2E00BE9309 /* ViewController.swift */; };
		37D385D920322A2E00BE9309 /* Main.storyboard in Resources */ = {isa = PBXBuildFile; fileRef = 37D385D720322A2E00BE9309 /* Main.storyboard */; };
		37D385DC20322A2E00BE9309 /* Rocket_Launch.xcdatamodeld in Sources */ = {isa = PBXBuildFile; fileRef = 37D385DA20322A2E00BE9309 /* Rocket_Launch.xcdatamodeld */; };
		37D385DE20322A2E00BE9309 /* Assets.xcassets in Resources */ = {isa = PBXBuildFile; fileRef = 37D385DD20322A2E00BE9309 /* Assets.xcassets */; };
		37D385E120322A2E00BE9309 /* LaunchScreen.storyboard in Resources */ = {isa = PBXBuildFile; fileRef = 37D385DF20322A2E00BE9309 /* LaunchScreen.storyboard */; };
/* End PBXBuildFile section */

/* Begin PBXFileReference section */
		37D385D020322A2E00BE9309 /* Rocket Launch.app */ = {isa = PBXFileReference; explicitFileType = wrapper.application; includeInIndex = 0; path = "Rocket Launch.app"; sourceTree = BUILT_PRODUCTS_DIR; };
		37D385D320322A2E00BE9309 /* AppDelegate.swift */ = {isa = PBXFileReference; lastKnownFileType = sourcecode.swift; path = AppDelegate.swift; sourceTree = "<group>"; };
		37D385D520322A2E00BE9309 /* ViewController.swift */ = {isa = PBXFileReference; lastKnownFileType = sourcecode.swift; path = ViewController.swift; sourceTree = "<group>"; };
		37D385D820322A2E00BE9309 /* Base */ = {isa = PBXFileReference; lastKnownFileType = file.storyboard; name = Base; path = Base.lproj/Main.storyboard; sourceTree = "<group>"; };
		37D385DB20322A2E00BE9309 /* Rocket_Launch.xcdatamodel */ = {isa = PBXFileReference; lastKnownFileType = wrapper.xcdatamodel; path = Rocket_Launch.xcdatamodel; sourceTree = "<group>"; };
		37D385DD20322A2E00BE9309 /* Assets.xcassets */ = {isa = PBXFileReference; lastKnownFileType = folder.assetcatalog; path = Assets.xcassets; sourceTree = "<group>"; };
		37D385E020322A2E00BE9309 /* Base */ = {isa = PBXFileReference; lastKnownFileType = file.storyboard; name = Base; path = Base.lproj/LaunchScreen.storyboard; sourceTree = "<group>"; };
		37D385E220322A2E00BE9309 /* Info.plist */ = {isa = PBXFileReference; lastKnownFileType = text.plist.xml; path = Info.plist; sourceTree = "<group>"; };
/* End PBXFileReference section */

/* Begin PBXFrameworksBuildPhase section */
		37D385CD20322A2E00BE9309 /* Frameworks */ = {
			isa = PBXFrameworksBuildPhase;
			buildActionMask = 2147483647;
			files = (
			);
			runOnlyForDeploymentPostprocessing = 0;
		};
/* End PBXFrameworksBuildPhase section */

/* Begin PBXGroup section */
		37D385C720322A2E00BE9309 = {
			isa = PBXGroup;
			children = (
				37D385D220322A2E00BE9309 /* Rocket Launch */,
				37D385D120322A2E00BE9309 /* Products */,
			);
			sourceTree = "<group>";
		};
		37D385D120322A2E00BE9309 /* Products */ = {
			isa = PBXGroup;
			children = (
				37D385D020322A2E00BE9309 /* Rocket Launch.app */,
			);
			name = Products;
			sourceTree = "<group>";
		};
		37D385D220322A2E00BE9309 /* Rocket Launch */ = {
			isa = PBXGroup;
			children = (
				37D385D320322A2E00BE9309 /* AppDelegate.swift */,
				37D385D520322A2E00BE9309 /* ViewController.swift */,
				37D385D720322A2E00BE9309 /* Main.storyboard */,
				37D385DD20322A2E00BE9309 /* Assets.xcassets */,
				37D385DF20322A2E00BE9309 /* LaunchScreen.storyboard */,
				37D385E220322A2E00BE9309 /* Info.plist */,
				37D385DA20322A2E00BE9309 /* Rocket_Launch.xcdatamodeld */,
			);
			path = "Rocket Launch";
			sourceTree = "<group>";
		};
/* End PBXGroup section */

/* Begin PBXNativeTarget section */
		37D385CF20322A2E00BE9309 /* Rocket Launch */ = {
			isa = PBXNativeTarget;
			buildConfigurationList = 37D385E520322A2E00BE9309 /* Build configuration list for PBXNativeTarget "Rocket Launch" */;
			buildPhases = (
				37D385CC20322A2E00BE9309 /* Sources */,
				37D385CD20322A2E00BE9309 /* Frameworks */,
				37D385CE20322A2E00BE9309 /* Resources */,
			);
			buildRules = (
			);
			dependencies = (
			);
			name = "Rocket Launch";
			productName = "Rocket Launch";
			productReference = 37D385D020322A2E00BE9309 /* Rocket Launch.app */;
			productType = "com.apple.product-type.application";
		};
/* End PBXNativeTarget section */

/* Begin PBXProject section */
		37D385C820322A2E00BE9309 /* Project object */ = {
			isa = PBXProject;
			attributes = {
				LastSwiftUpdateCheck = 0920;
				LastUpgradeCheck = 0920;
				ORGANIZATIONNAME = "Maxym Sahaydak";
				TargetAttributes = {
					37D385CF20322A2E00BE9309 = {
						CreatedOnToolsVersion = 9.2;
						ProvisioningStyle = Automatic;
					};
				};
			};
			buildConfigurationList = 37D385CB20322A2E00BE9309 /* Build configuration list for PBXProject "Rocket Launch" */;
			compatibilityVersion = "Xcode 8.0";
			developmentRegion = en;
			hasScannedForEncodings = 0;
			knownRegions = (
				en,
				Base,
			);
			mainGroup = 37D385C720322A2E00BE9309;
			productRefGroup = 37D385D120322A2E00BE9309 /* Products */;
			projectDirPath = "";
			projectRoot = "";
			targets = (
				37D385CF20322A2E00BE9309 /* Rocket Launch */,
			);
		};
/* End PBXProject section */

/* Begin PBXResourcesBuildPhase section */
		37D385CE20322A2E00BE9309 /* Resources */ = {
			isa = PBXResourcesBuildPhase;
			buildActionMask = 2147483647;
			files = (
				37D385E120322A2E00BE9309 /* LaunchScreen.storyboard in Resources */,
				37D385DE20322A2E00BE9309 /* Assets.xcassets in Resources */,
				37D385D920322A2E00BE9309 /* Main.storyboard in Resources */,
			);
			runOnlyForDeploymentPostprocessing = 0;
		};
/* End PBXResourcesBuildPhase section */

/* Begin PBXSourcesBuildPhase section */
		37D385CC20322A2E00BE9309 /* Sources */ = {
			isa = PBXSourcesBuildPhase;
			buildActionMask = 2147483647;
			files = (
				37D385D620322A2E00BE9309 /* ViewController.swift in Sources */,
				37D385DC20322A2E00BE9309 /* Rocket_Launch.xcdatamodeld in Sources */,
				37D385D420322A2E00BE9309 /* AppDelegate.swift in Sources */,
			);
			runOnlyForDeploymentPostprocessing = 0;
		};
/* End PBXSourcesBuildPhase section */

/* Begin PBXVariantGroup section */
		37D385D720322A2E00BE9309 /* Main.storyboard */ = {
			isa = PBXVariantGroup;
			children = (
				37D385D820322A2E00BE9309 /* Base */,
			);
			name = Main.storyboard;
			sourceTree = "<group>";
		};
		37D385DF20322A2E00BE9309 /* LaunchScreen.storyboard */ = {
			isa = PBXVariantGroup;
			children = (
				37D385E020322A2E00BE9309 /* Base */,
			);
			name = LaunchScreen.storyboard;
			sourceTree = "<group>";
		};
/* End PBXVariantGroup section */

/* Begin XCBuildConfiguration section */
		37D385E320322A2E00BE9309 /* Debug */ = {
			isa = XCBuildConfiguration;
			buildSettings = {
				ALWAYS_SEARCH_USER_PATHS = NO;
				CLANG_ANALYZER_NONNULL = YES;
				CLANG_ANALYZER_NUMBER_OBJECT_CONVERSION = YES_AGGRESSIVE;
				CLANG_CXX_LANGUAGE_STANDARD = "gnu++14";
				CLANG_CXX_LIBRARY = "libc++";
				CLANG_ENABLE_MODULES = YES;
				CLANG_ENABLE_OBJC_ARC = YES;
				CLANG_WARN_BLOCK_CAPTURE_AUTORELEASING = YES;
				CLANG_WARN_BOOL_CONVERSION = YES;
				CLANG_WARN_COMMA = YES;
				CLANG_WARN_CONSTANT_CONVERSION = YES;
				CLANG_WARN_DIRECT_OBJC_ISA_USAGE = YES_ERROR;
				CLANG_WARN_DOCUMENTATION_COMMENTS = YES;
				CLANG_WARN_EMPTY_BODY = YES;
				CLANG_WARN_ENUM_CONVERSION = YES;
				CLANG_WARN_INFINITE_RECURSION = YES;
				CLANG_WARN_INT_CONVERSION = YES;
				CLANG_WARN_NON_LITERAL_NULL_CONVERSION = YES;
				CLANG_WARN_OBJC_LITERAL_CONVERSION = YES;
				CLANG_WARN_OBJC_ROOT_CLASS = YES_ERROR;
				CLANG_WARN_RANGE_LOOP_ANALYSIS = YES;
				CLANG_WARN_STRICT_PROTOTYPES = YES;
				CLANG_WARN_SUSPICIOUS_MOVE = YES;
				CLANG_WARN_UNGUARDED_AVAILABILITY = YES_AGGRESSIVE;
				CLANG_WARN_UNREACHABLE_CODE = YES;
				CLANG_WARN__DUPLICATE_METHOD_MATCH = YES;
				CODE_SIGN_IDENTITY = "iPhone Developer";
				COPY_PHASE_STRIP = NO;
				DEBUG_INFORMATION_FORMAT = dwarf;
				ENABLE_STRICT_OBJC_MSGSEND = YES;
				ENABLE_TESTABILITY = YES;
				GCC_C_LANGUAGE_STANDARD = gnu11;
				GCC_DYNAMIC_NO_PIC = NO;
				GCC_NO_COMMON_BLOCKS = YES;
				GCC_OPTIMIZATION_LEVEL = 0;
				GCC_PREPROCESSOR_DEFINITIONS = (
					"DEBUG=1",
					"$(inherited)",
				);
				GCC_WARN_64_TO_32_BIT_CONVERSION = YES;
				GCC_WARN_ABOUT_RETURN_TYPE = YES_ERROR;
				GCC_WARN_UNDECLARED_SELECTOR = YES;
				GCC_WARN_UNINITIALIZED_AUTOS = YES_AGGRESSIVE;
				GCC_WARN_UNUSED_FUNCTION = YES;
				GCC_WARN_UNUSED_VARIABLE = YES;
				IPHONEOS_DEPLOYMENT_TARGET = 11.2;
				MTL_ENABLE_DEBUG_INFO = YES;
				ONLY_ACTIVE_ARCH = YES;
				SDKROOT = iphoneos;
				SWIFT_ACTIVE_COMPILATION_CONDITIONS = DEBUG;
				SWIFT_OPTIMIZATION_LEVEL = "-Onone";
			};
			name = Debug;
		};
		37D385E420322A2E00BE9309 /* Release */ = {
			isa = XCBuildConfiguration;
			buildSettings = {
				ALWAYS_SEARCH_USER_PATHS = NO;
				CLANG_ANALYZER_NONNULL = YES;
				CLANG_ANALYZER_NUMBER_OBJECT_CONVERSION = YES_AGGRESSIVE;
				CLANG_CXX_LANGUAGE_STANDARD = "gnu++14";
				CLANG_CXX_LIBRARY = "libc++";
				CLANG_ENABLE_MODULES = YES;
				CLANG_ENABLE_OBJC_ARC = YES;
				CLANG_WARN_BLOCK_CAPTURE_AUTORELEASING = YES;
				CLANG_WARN_BOOL_CONVERSION = YES;
				CLANG_WARN_COMMA = YES;
				CLANG_WARN_CONSTANT_CONVERSION = YES;
				CLANG_WARN_DIRECT_OBJC_ISA_USAGE = YES_ERROR;
				CLANG_WARN_DOCUMENTATION_COMMENTS = YES;
				CLANG_WARN_EMPTY_BODY = YES;
				CLANG_WARN_ENUM_CONVERSION = YES;
				CLANG_WARN_INFINITE_RECURSION = YES;
				CLANG_WARN_INT_CONVERSION = YES;
				CLANG_WARN_NON_LITERAL_NULL_CONVERSION = YES;
				CLANG_WARN_OBJC_LITERAL_CONVERSION = YES;
				CLANG_WARN_OBJC_ROOT_CLASS = YES_ERROR;
				CLANG_WARN_RANGE_LOOP_ANALYSIS = YES;
				CLANG_WARN_STRICT_PROTOTYPES = YES;
				CLANG_WARN_SUSPICIOUS_MOVE = YES;
				CLANG_WARN_UNGUARDED_AVAILABILITY = YES_AGGRESSIVE;
				CLANG_WARN_UNREACHABLE_CODE = YES;
				CLANG_WARN__DUPLICATE_METHOD_MATCH = YES;
				CODE_SIGN_IDENTITY = "iPhone Developer";
				COPY_PHASE_STRIP = NO;
				DEBUG_INFORMATION_FORMAT = "dwarf-with-dsym";
				ENABLE_NS_ASSERTIONS = NO;
				ENABLE_STRICT_OBJC_MSGSEND = YES;
				GCC_C_LANGUAGE_STANDARD = gnu11;
				GCC_NO_COMMON_BLOCKS = YES;
				GCC_WARN_64_TO_32_BIT_CONVERSION = YES;
				GCC_WARN_ABOUT_RETURN_TYPE = YES_ERROR;
				GCC_WARN_UNDECLARED_SELECTOR = YES;
				GCC_WARN_UNINITIALIZED_AUTOS = YES_AGGRESSIVE;
				GCC_WARN_UNUSED_FUNCTION = YES;
				GCC_WARN_UNUSED_VARIABLE = YES;
				IPHONEOS_DEPLOYMENT_TARGET = 11.2;
				MTL_ENABLE_DEBUG_INFO = NO;
				SDKROOT = iphoneos;
				SWIFT_OPTIMIZATION_LEVEL = "-Owholemodule";
				VALIDATE_PRODUCT = YES;
			};
			name = Release;
		};
		37D385E620322A2E00BE9309 /* Debug */ = {
			isa = XCBuildConfiguration;
			buildSettings = {
				ASSETCATALOG_COMPILER_APPICON_NAME = AppIcon;
				CODE_SIGN_STYLE = Automatic;
				INFOPLIST_FILE = "Rocket Launch/Info.plist";
				LD_RUNPATH_SEARCH_PATHS = "$(inherited) @executable_path/Frameworks";
				PRODUCT_BUNDLE_IDENTIFIER = "com.rocketlaunch.in.Rocket-Launch";
				PRODUCT_NAME = "$(TARGET_NAME)";
				SWIFT_VERSION = 4.0;
				TARGETED_DEVICE_FAMILY = "1,2";
			};
			name = Debug;
		};
		37D385E720322A2E00BE9309 /* Release */ = {
			isa = XCBuildConfiguration;
			buildSettings = {
				ASSETCATALOG_COMPILER_APPICON_NAME = AppIcon;
				CODE_SIGN_STYLE = Automatic;
				INFOPLIST_FILE = "Rocket Launch/Info.plist";
				LD_RUNPATH_SEARCH_PATHS = "$(inherited) @executable_path/Frameworks";
				PRODUCT_BUNDLE_IDENTIFIER = "com.rocketlaunch.in.Rocket-Launch";
				PRODUCT_NAME = "$(TARGET_NAME)";
				SWIFT_VERSION = 4.0;
				TARGETED_DEVICE_FAMILY = "1,2";
			};
			name = Release;
		};
/* End XCBuildConfiguration section */

/* Begin XCConfigurationList section */
		37D385CB20322A2E00BE9309 /* Build configuration list for PBXProject "Rocket Launch" */ = {
			isa = XCConfigurationList;
			buildConfigurations = (
				37D385E320322A2E00BE9309 /* Debug */,
				37D385E420322A2E00BE9309 /* Release */,
			);
			defaultConfigurationIsVisible = 0;
			defaultConfigurationName = Release;
		};
		37D385E520322A2E00BE9309 /* Build configuration list for PBXNativeTarget "Rocket Launch" */ = {
			isa = XCConfigurationList;
			buildConfigurations = (
				37D385E620322A2E00BE9309 /* Debug */,
				37D385E720322A2E00BE9309 /* Release */,
			);
			defaultConfigurationIsVisible = 0;
			defaultConfigurationName = Release;
		};
/* End XCConfigurationList section */

/* Begin XCVersionGroup section */
		37D385DA20322A2E00BE9309 /* Rocket_Launch.xcdatamodeld */ = {
			isa = XCVersionGroup;
			children = (
				37D385DB20322A2E00BE9309 /* Rocket_Launch.xcdatamodel */,
			);
			currentVersion = 37D385DB20322A2E00BE9309 /* Rocket_Launch.xcdatamodel */;
			path = Rocket_Launch.xcdatamodeld;
			sourceTree = "<group>";
			versionGroupType = wrapper.xcdatamodel;
		};
/* End XCVersionGroup section */
	};
	rootObject = 37D385C820322A2E00BE9309 /* Project object */;
}
